
Microsoft Visual Studio Solution File, Format Version 12.00
# Visual Studio Version 17
VisualStudioVersion = 17.14.36623.8
MinimumVisualStudioVersion = 10.0.40219.1
Project("{2150E333-8FDC-42A3-9474-1A3956D46DE8}") = "Task0", "Task0", "{02EA681E-C7D8-13C7-8484-4AC65E1B71E8}"
EndProject
Project("{FAE04EC0-301F-11D3-BF4B-00C04F79EFBC}") = "Tyuiu.ShevchenokSE.Sprint2.Task0.V19", "Tyuiu.ShevchenokSE.Sprint2.Task0.V19\Tyuiu.ShevchenokSE.Sprint2.Task0.V19.csproj", "{9948BD7E-D566-42DB-8421-3B6F3D74FC14}"
EndProject
Project("{FAE04EC0-301F-11D3-BF4B-00C04F79EFBC}") = "Tyuiu.ShevchenokSE.Sprint2.Task0.V19.Test", "Tyuiu.ShevchenokSE.Sprint2.Task0.V19.Test\Tyuiu.ShevchenokSE.Sprint2.Task0.V19.Test.csproj", "{B8E135D6-D4ED-4EA2-BB3B-E737FAE9157B}"
EndProject
Project("{2150E333-8FDC-42A3-9474-1A3956D46DE8}") = "Task1", "Task1", "{1968E7A0-6407-4B4E-B05E-A7EBE2916A95}"
EndProject
Project("{2150E333-8FDC-42A3-9474-1A3956D46DE8}") = "Task2", "Task2", "{D0DDA636-66C3-4935-8F0A-E7EC1BFC36EA}"
EndProject
Project("{2150E333-8FDC-42A3-9474-1A3956D46DE8}") = "Task3", "Task3", "{08698495-2045-49A0-BA2C-B8B1F8916D5A}"
EndProject
Project("{2150E333-8FDC-42A3-9474-1A3956D46DE8}") = "Task5", "Task5", "{8A744648-EF36-438B-83DF-11843D28B89F}"
EndProject
Project("{2150E333-8FDC-42A3-9474-1A3956D46DE8}") = "Task4", "Task4", "{1ADF6CCA-4396-4B72-8F6F-0F52112A3C26}"
EndProject
Project("{2150E333-8FDC-42A3-9474-1A3956D46DE8}") = "Task6", "Task6", "{731025C7-838D-4DF5-BFB3-5E26DA0DC2E9}"
EndProject
Project("{2150E333-8FDC-42A3-9474-1A3956D46DE8}") = "Task7", "Task7", "{DADB95E4-FD59-4CF0-BE56-E228993CDCE1}"
EndProject
Project("{FAE04EC0-301F-11D3-BF4B-00C04F79EFBC}") = "Tyuiu.ShevchenokSE.Sprint2.Task1.V18", "Tyuiu.ShevchenokSE.Sprint2.Task1.V18\Tyuiu.ShevchenokSE.Sprint2.Task1.V18.csproj", "{CC440B1F-E4EB-4B3A-B364-25A13B20CA3F}"
EndProject
Project("{FAE04EC0-301F-11D3-BF4B-00C04F79EFBC}") = "Tyuiu.ShevchenokSE.Sprint2.Task1.V18.Lib", "Tyuiu.ShevchenokSE.Sprint2.Task1.V18.Lib\Tyuiu.ShevchenokSE.Sprint2.Task1.V18.Lib.csproj", "{9CE9F5BA-5964-4524-AA4D-B59B8AA22D64}"
EndProject
Project("{FAE04EC0-301F-11D3-BF4B-00C04F79EFBC}") = "Tyuiu.ShevchenokSE.Sprint2.Task1.V18.Test", "Tyuiu.ShevchenokSE.Sprint2.Task1.V18.Test\Tyuiu.ShevchenokSE.Sprint2.Task1.V18.Test.csproj", "{62AFF1C7-D492-4028-9CC1-B639DF5F816E}"
EndProject
Project("{FAE04EC0-301F-11D3-BF4B-00C04F79EFBC}") = "Tyuiu.ShevchenokSE.Sprint2.Task2.V27", "Tyuiu.ShevchenokSE.Sprint2.Task2.V27\Tyuiu.ShevchenokSE.Sprint2.Task2.V27.csproj", "{9C3AAA6B-C2DB-402D-B2FC-8A37112FDA51}"
EndProject
Project("{FAE04EC0-301F-11D3-BF4B-00C04F79EFBC}") = "Tyuiu.ShevchenokSE.Sprint2.Task2.V27.Lib", "Tyuiu.ShevchenokSE.Sprint2.Task2.V27.Lib\Tyuiu.ShevchenokSE.Sprint2.Task2.V27.Lib.csproj", "{4B4B6281-A042-4B3E-9FE0-D4658B64EDE8}"
EndProject
Project("{FAE04EC0-301F-11D3-BF4B-00C04F79EFBC}") = "Tyuiu.ShevchenokSE.Sprint2.Task2.V27.Test", "Tyuiu.ShevchenokSE.Sprint2.Task2.V27.Test\Tyuiu.ShevchenokSE.Sprint2.Task2.V27.Test.csproj", "{825E8646-6589-4F4F-B963-EBAE4041F902}"
EndProject
Project("{FAE04EC0-301F-11D3-BF4B-00C04F79EFBC}") = "Tyuiu.ShevchenokSE.Sprint2.Task3.V25", "Tyuiu.ShevchenokSE.Sprint2.Task3.V25\Tyuiu.ShevchenokSE.Sprint2.Task3.V25.csproj", "{FF907682-E8D5-4E7C-A492-F3C5312AA209}"
EndProject
Project("{FAE04EC0-301F-11D3-BF4B-00C04F79EFBC}") = "Tyuiu.ShevchenokSE.Sprint2.Task3.V25.Lib", "Tyuiu.ShevchenokSE.Sprint2.Task3.V25.Lib\Tyuiu.ShevchenokSE.Sprint2.Task3.V25.Lib.csproj", "{7253B57F-476F-417F-BE0A-A33FE31902D5}"
EndProject
Project("{FAE04EC0-301F-11D3-BF4B-00C04F79EFBC}") = "Tyuiu.ShevchenokSE.Sprint2.Task3.V25.Test", "Tyuiu.ShevchenokSE.Sprint2.Task3.V25.Test\Tyuiu.ShevchenokSE.Sprint2.Task3.V25.Test.csproj", "{5FDC3A01-F44A-4ABB-B887-9BEB7BC61DD1}"
EndProject
Project("{FAE04EC0-301F-11D3-BF4B-00C04F79EFBC}") = "Tyuiu.ShevchenokSE.Sprint2.Task5.V2", "Tyuiu.ShevchenokSE.Sprint2.Task5.V2\Tyuiu.ShevchenokSE.Sprint2.Task5.V2.csproj", "{80C8E6CD-E6AC-403C-AF88-783DF875E13D}"
EndProject
Project("{FAE04EC0-301F-11D3-BF4B-00C04F79EFBC}") = "Tyuiu.ShevchenokSE.Sprint2.Task5.V2.Test", "Tyuiu.ShevchenokSE.Sprint2.Task5.V2.Test\Tyuiu.ShevchenokSE.Sprint2.Task5.V2.Test.csproj", "{B03582A7-1A35-4EE4-B895-FC23AB773D44}"
EndProject
Project("{FAE04EC0-301F-11D3-BF4B-00C04F79EFBC}") = "Tyuiu.ShevchenokSE.Sprint2.Task5.V2.Lib", "Tyuiu.ShevchenokSE.Sprint2.Task5.V2.Lib\Tyuiu.ShevchenokSE.Sprint2.Task5.V2.Lib.csproj", "{152D5194-46D4-4C82-ADBB-CB8F0CBD7C23}"
EndProject
Project("{FAE04EC0-301F-11D3-BF4B-00C04F79EFBC}") = "Tyuiu.ShevchenokSE.Sprint2.Task6.V5", "Tyuiu.ShevchenokSE.Sprint2.Task6.V5\Tyuiu.ShevchenokSE.Sprint2.Task6.V5.csproj", "{8D4CCCEF-5A60-48B2-903F-968CBA1B689D}"
EndProject
Project("{FAE04EC0-301F-11D3-BF4B-00C04F79EFBC}") = "Tyuiu.ShevchenokSE.Sprint2.Task6.V5.Lib", "Tyuiu.ShevchenokSE.Sprint2.Task6.V5.Lib\Tyuiu.ShevchenokSE.Sprint2.Task6.V5.Lib.csproj", "{1AD4A3F4-7E06-49B1-8E93-1CCECC37D966}"
EndProject
Project("{FAE04EC0-301F-11D3-BF4B-00C04F79EFBC}") = "Tyuiu.ShevchenokSE.Sprint2.Task6.V5.Test", "Tyuiu.ShevchenokSE.Sprint2.Task6.V5.Test\Tyuiu.ShevchenokSE.Sprint2.Task6.V5.Test.csproj", "{A032C74F-43EC-4C17-AD37-3C1CA8E0BF1B}"
EndProject
Project("{FAE04EC0-301F-11D3-BF4B-00C04F79EFBC}") = "Tyuiu.ShevchenokSE.Sprint2.Task7.V10", "Tyuiu.ShevchenokSE.Sprint2.Task7.V10\Tyuiu.ShevchenokSE.Sprint2.Task7.V10.csproj", "{2F603072-0A95-49B3-AC85-F745FEBAB736}"
EndProject
Project("{FAE04EC0-301F-11D3-BF4B-00C04F79EFBC}") = "Tyuiu.ShevchenokSE.Sprint2.Task7.V10.Lib", "Tyuiu.ShevchenokSE.Sprint2.Task7.V10.Lib\Tyuiu.ShevchenokSE.Sprint2.Task7.V10.Lib.csproj", "{C2E9B6C2-9EFC-466B-8859-3825A76A551F}"
EndProject
Project("{FAE04EC0-301F-11D3-BF4B-00C04F79EFBC}") = "Tyuiu.ShevchenokSE.Sprint2.Task7.V10.Test", "Tyuiu.ShevchenokSE.Sprint2.Task7.V10.Test\Tyuiu.ShevchenokSE.Sprint2.Task7.V10.Test.csproj", "{B92BA7B3-479E-448A-8DDA-4AFDB8E18C70}"
EndProject
Project("{FAE04EC0-301F-11D3-BF4B-00C04F79EFBC}") = "Tyuiu.ShevchenokSE.Sprint2.Task0.V19.Lib", "Tyuiu.ShevchenokSE.Sprint2.Task0.V19.Lib\Tyuiu.ShevchenokSE.Sprint2.Task0.V19.Lib.csproj", "{74CE8F97-0B7B-4A10-BAE5-E5271E2D3525}"
EndProject
Global
	GlobalSection(SolutionConfigurationPlatforms) = preSolution
		Debug|Any CPU = Debug|Any CPU
		Release|Any CPU = Release|Any CPU
	EndGlobalSection
	GlobalSection(ProjectConfigurationPlatforms) = postSolution
		{9948BD7E-D566-42DB-8421-3B6F3D74FC14}.Debug|Any CPU.ActiveCfg = Debug|Any CPU
		{9948BD7E-D566-42DB-8421-3B6F3D74FC14}.Debug|Any CPU.Build.0 = Debug|Any CPU
		{9948BD7E-D566-42DB-8421-3B6F3D74FC14}.Release|Any CPU.ActiveCfg = Release|Any CPU
		{9948BD7E-D566-42DB-8421-3B6F3D74FC14}.Release|Any CPU.Build.0 = Release|Any CPU
		{B8E135D6-D4ED-4EA2-BB3B-E737FAE9157B}.Debug|Any CPU.ActiveCfg = Debug|Any CPU
		{B8E135D6-D4ED-4EA2-BB3B-E737FAE9157B}.Debug|Any CPU.Build.0 = Debug|Any CPU
		{B8E135D6-D4ED-4EA2-BB3B-E737FAE9157B}.Release|Any CPU.ActiveCfg = Release|Any CPU
		{B8E135D6-D4ED-4EA2-BB3B-E737FAE9157B}.Release|Any CPU.Build.0 = Release|Any CPU
		{CC440B1F-E4EB-4B3A-B364-25A13B20CA3F}.Debug|Any CPU.ActiveCfg = Debug|Any CPU
		{CC440B1F-E4EB-4B3A-B364-25A13B20CA3F}.Debug|Any CPU.Build.0 = Debug|Any CPU
		{CC440B1F-E4EB-4B3A-B364-25A13B20CA3F}.Release|Any CPU.ActiveCfg = Release|Any CPU
		{CC440B1F-E4EB-4B3A-B364-25A13B20CA3F}.Release|Any CPU.Build.0 = Release|Any CPU
		{9CE9F5BA-5964-4524-AA4D-B59B8AA22D64}.Debug|Any CPU.ActiveCfg = Debug|Any CPU
		{9CE9F5BA-5964-4524-AA4D-B59B8AA22D64}.Debug|Any CPU.Build.0 = Debug|Any CPU
		{9CE9F5BA-5964-4524-AA4D-B59B8AA22D64}.Release|Any CPU.ActiveCfg = Release|Any CPU
		{9CE9F5BA-5964-4524-AA4D-B59B8AA22D64}.Release|Any CPU.Build.0 = Release|Any CPU
		{62AFF1C7-D492-4028-9CC1-B639DF5F816E}.Debug|Any CPU.ActiveCfg = Debug|Any CPU
		{62AFF1C7-D492-4028-9CC1-B639DF5F816E}.Debug|Any CPU.Build.0 = Debug|Any CPU
		{62AFF1C7-D492-4028-9CC1-B639DF5F816E}.Release|Any CPU.ActiveCfg = Release|Any CPU
		{62AFF1C7-D492-4028-9CC1-B639DF5F816E}.Release|Any CPU.Build.0 = Release|Any CPU
		{9C3AAA6B-C2DB-402D-B2FC-8A37112FDA51}.Debug|Any CPU.ActiveCfg = Debug|Any CPU
		{9C3AAA6B-C2DB-402D-B2FC-8A37112FDA51}.Debug|Any CPU.Build.0 = Debug|Any CPU
		{9C3AAA6B-C2DB-402D-B2FC-8A37112FDA51}.Release|Any CPU.ActiveCfg = Release|Any CPU
		{9C3AAA6B-C2DB-402D-B2FC-8A37112FDA51}.Release|Any CPU.Build.0 = Release|Any CPU
		{4B4B6281-A042-4B3E-9FE0-D4658B64EDE8}.Debug|Any CPU.ActiveCfg = Debug|Any CPU
		{4B4B6281-A042-4B3E-9FE0-D4658B64EDE8}.Debug|Any CPU.Build.0 = Debug|Any CPU
		{4B4B6281-A042-4B3E-9FE0-D4658B64EDE8}.Release|Any CPU.ActiveCfg = Release|Any CPU
		{4B4B6281-A042-4B3E-9FE0-D4658B64EDE8}.Release|Any CPU.Build.0 = Release|Any CPU
		{825E8646-6589-4F4F-B963-EBAE4041F902}.Debug|Any CPU.ActiveCfg = Debug|Any CPU
		{825E8646-6589-4F4F-B963-EBAE4041F902}.Debug|Any CPU.Build.0 = Debug|Any CPU
		{825E8646-6589-4F4F-B963-EBAE4041F902}.Release|Any CPU.ActiveCfg = Release|Any CPU
		{825E8646-6589-4F4F-B963-EBAE4041F902}.Release|Any CPU.Build.0 = Release|Any CPU
		{FF907682-E8D5-4E7C-A492-F3C5312AA209}.Debug|Any CPU.ActiveCfg = Debug|Any CPU
		{FF907682-E8D5-4E7C-A492-F3C5312AA209}.Debug|Any CPU.Build.0 = Debug|Any CPU
		{FF907682-E8D5-4E7C-A492-F3C5312AA209}.Release|Any CPU.ActiveCfg = Release|Any CPU
		{FF907682-E8D5-4E7C-A492-F3C5312AA209}.Release|Any CPU.Build.0 = Release|Any CPU
		{7253B57F-476F-417F-BE0A-A33FE31902D5}.Debug|Any CPU.ActiveCfg = Debug|Any CPU
		{7253B57F-476F-417F-BE0A-A33FE31902D5}.Debug|Any CPU.Build.0 = Debug|Any CPU
		{7253B57F-476F-417F-BE0A-A33FE31902D5}.Release|Any CPU.ActiveCfg = Release|Any CPU
		{7253B57F-476F-417F-BE0A-A33FE31902D5}.Release|Any CPU.Build.0 = Release|Any CPU
		{5FDC3A01-F44A-4ABB-B887-9BEB7BC61DD1}.Debug|Any CPU.ActiveCfg = Debug|Any CPU
		{5FDC3A01-F44A-4ABB-B887-9BEB7BC61DD1}.Debug|Any CPU.Build.0 = Debug|Any CPU
		{5FDC3A01-F44A-4ABB-B887-9BEB7BC61DD1}.Release|Any CPU.ActiveCfg = Release|Any CPU
		{5FDC3A01-F44A-4ABB-B887-9BEB7BC61DD1}.Release|Any CPU.Build.0 = Release|Any CPU
		{80C8E6CD-E6AC-403C-AF88-783DF875E13D}.Debug|Any CPU.ActiveCfg = Debug|Any CPU
		{80C8E6CD-E6AC-403C-AF88-783DF875E13D}.Debug|Any CPU.Build.0 = Debug|Any CPU
		{80C8E6CD-E6AC-403C-AF88-783DF875E13D}.Release|Any CPU.ActiveCfg = Release|Any CPU
		{80C8E6CD-E6AC-403C-AF88-783DF875E13D}.Release|Any CPU.Build.0 = Release|Any CPU
		{B03582A7-1A35-4EE4-B895-FC23AB773D44}.Debug|Any CPU.ActiveCfg = Debug|Any CPU
		{B03582A7-1A35-4EE4-B895-FC23AB773D44}.Debug|Any CPU.Build.0 = Debug|Any CPU
		{B03582A7-1A35-4EE4-B895-FC23AB773D44}.Release|Any CPU.ActiveCfg = Release|Any CPU
		{B03582A7-1A35-4EE4-B895-FC23AB773D44}.Release|Any CPU.Build.0 = Release|Any CPU
		{152D5194-46D4-4C82-ADBB-CB8F0CBD7C23}.Debug|Any CPU.ActiveCfg = Debug|Any CPU
		{152D5194-46D4-4C82-ADBB-CB8F0CBD7C23}.Debug|Any CPU.Build.0 = Debug|Any CPU
		{152D5194-46D4-4C82-ADBB-CB8F0CBD7C23}.Release|Any CPU.ActiveCfg = Release|Any CPU
		{152D5194-46D4-4C82-ADBB-CB8F0CBD7C23}.Release|Any CPU.Build.0 = Release|Any CPU
		{8D4CCCEF-5A60-48B2-903F-968CBA1B689D}.Debug|Any CPU.ActiveCfg = Debug|Any CPU
		{8D4CCCEF-5A60-48B2-903F-968CBA1B689D}.Debug|Any CPU.Build.0 = Debug|Any CPU
		{8D4CCCEF-5A60-48B2-903F-968CBA1B689D}.Release|Any CPU.ActiveCfg = Release|Any CPU
		{8D4CCCEF-5A60-48B2-903F-968CBA1B689D}.Release|Any CPU.Build.0 = Release|Any CPU
		{1AD4A3F4-7E06-49B1-8E93-1CCECC37D966}.Debug|Any CPU.ActiveCfg = Debug|Any CPU
		{1AD4A3F4-7E06-49B1-8E93-1CCECC37D966}.Debug|Any CPU.Build.0 = Debug|Any CPU
		{1AD4A3F4-7E06-49B1-8E93-1CCECC37D966}.Release|Any CPU.ActiveCfg = Release|Any CPU
		{1AD4A3F4-7E06-49B1-8E93-1CCECC37D966}.Release|Any CPU.Build.0 = Release|Any CPU
		{A032C74F-43EC-4C17-AD37-3C1CA8E0BF1B}.Debug|Any CPU.ActiveCfg = Debug|Any CPU
		{A032C74F-43EC-4C17-AD37-3C1CA8E0BF1B}.Debug|Any CPU.Build.0 = Debug|Any CPU
		{A032C74F-43EC-4C17-AD37-3C1CA8E0BF1B}.Release|Any CPU.ActiveCfg = Release|Any CPU
		{A032C74F-43EC-4C17-AD37-3C1CA8E0BF1B}.Release|Any CPU.Build.0 = Release|Any CPU
		{2F603072-0A95-49B3-AC85-F745FEBAB736}.Debug|Any CPU.ActiveCfg = Debug|Any CPU
		{2F603072-0A95-49B3-AC85-F745FEBAB736}.Debug|Any CPU.Build.0 = Debug|Any CPU
		{2F603072-0A95-49B3-AC85-F745FEBAB736}.Release|Any CPU.ActiveCfg = Release|Any CPU
		{2F603072-0A95-49B3-AC85-F745FEBAB736}.Release|Any CPU.Build.0 = Release|Any CPU
		{C2E9B6C2-9EFC-466B-8859-3825A76A551F}.Debug|Any CPU.ActiveCfg = Debug|Any CPU
		{C2E9B6C2-9EFC-466B-8859-3825A76A551F}.Debug|Any CPU.Build.0 = Debug|Any CPU
		{C2E9B6C2-9EFC-466B-8859-3825A76A551F}.Release|Any CPU.ActiveCfg = Release|Any CPU
		{C2E9B6C2-9EFC-466B-8859-3825A76A551F}.Release|Any CPU.Build.0 = Release|Any CPU
		{B92BA7B3-479E-448A-8DDA-4AFDB8E18C70}.Debug|Any CPU.ActiveCfg = Debug|Any CPU
		{B92BA7B3-479E-448A-8DDA-4AFDB8E18C70}.Debug|Any CPU.Build.0 = Debug|Any CPU
		{B92BA7B3-479E-448A-8DDA-4AFDB8E18C70}.Release|Any CPU.ActiveCfg = Release|Any CPU
		{B92BA7B3-479E-448A-8DDA-4AFDB8E18C70}.Release|Any CPU.Build.0 = Release|Any CPU
		{74CE8F97-0B7B-4A10-BAE5-E5271E2D3525}.Debug|Any CPU.ActiveCfg = Debug|Any CPU
		{74CE8F97-0B7B-4A10-BAE5-E5271E2D3525}.Debug|Any CPU.Build.0 = Debug|Any CPU
		{74CE8F97-0B7B-4A10-BAE5-E5271E2D3525}.Release|Any CPU.ActiveCfg = Release|Any CPU
		{74CE8F97-0B7B-4A10-BAE5-E5271E2D3525}.Release|Any CPU.Build.0 = Release|Any CPU
	EndGlobalSection
	GlobalSection(SolutionProperties) = preSolution
		HideSolutionNode = FALSE
	EndGlobalSection
	GlobalSection(NestedProjects) = preSolution
		{9948BD7E-D566-42DB-8421-3B6F3D74FC14} = {02EA681E-C7D8-13C7-8484-4AC65E1B71E8}
		{B8E135D6-D4ED-4EA2-BB3B-E737FAE9157B} = {02EA681E-C7D8-13C7-8484-4AC65E1B71E8}
		{CC440B1F-E4EB-4B3A-B364-25A13B20CA3F} = {1968E7A0-6407-4B4E-B05E-A7EBE2916A95}
		{9CE9F5BA-5964-4524-AA4D-B59B8AA22D64} = {1968E7A0-6407-4B4E-B05E-A7EBE2916A95}
		{62AFF1C7-D492-4028-9CC1-B639DF5F816E} = {1968E7A0-6407-4B4E-B05E-A7EBE2916A95}
		{9C3AAA6B-C2DB-402D-B2FC-8A37112FDA51} = {D0DDA636-66C3-4935-8F0A-E7EC1BFC36EA}
		{4B4B6281-A042-4B3E-9FE0-D4658B64EDE8} = {D0DDA636-66C3-4935-8F0A-E7EC1BFC36EA}
		{825E8646-6589-4F4F-B963-EBAE4041F902} = {D0DDA636-66C3-4935-8F0A-E7EC1BFC36EA}
		{FF907682-E8D5-4E7C-A492-F3C5312AA209} = {08698495-2045-49A0-BA2C-B8B1F8916D5A}
		{7253B57F-476F-417F-BE0A-A33FE31902D5} = {08698495-2045-49A0-BA2C-B8B1F8916D5A}
		{5FDC3A01-F44A-4ABB-B887-9BEB7BC61DD1} = {08698495-2045-49A0-BA2C-B8B1F8916D5A}
		{80C8E6CD-E6AC-403C-AF88-783DF875E13D} = {8A744648-EF36-438B-83DF-11843D28B89F}
		{B03582A7-1A35-4EE4-B895-FC23AB773D44} = {8A744648-EF36-438B-83DF-11843D28B89F}
		{152D5194-46D4-4C82-ADBB-CB8F0CBD7C23} = {8A744648-EF36-438B-83DF-11843D28B89F}
		{8D4CCCEF-5A60-48B2-903F-968CBA1B689D} = {731025C7-838D-4DF5-BFB3-5E26DA0DC2E9}
		{1AD4A3F4-7E06-49B1-8E93-1CCECC37D966} = {731025C7-838D-4DF5-BFB3-5E26DA0DC2E9}
		{A032C74F-43EC-4C17-AD37-3C1CA8E0BF1B} = {731025C7-838D-4DF5-BFB3-5E26DA0DC2E9}
		{2F603072-0A95-49B3-AC85-F745FEBAB736} = {DADB95E4-FD59-4CF0-BE56-E228993CDCE1}
		{C2E9B6C2-9EFC-466B-8859-3825A76A551F} = {DADB95E4-FD59-4CF0-BE56-E228993CDCE1}
		{B92BA7B3-479E-448A-8DDA-4AFDB8E18C70} = {DADB95E4-FD59-4CF0-BE56-E228993CDCE1}
		{74CE8F97-0B7B-4A10-BAE5-E5271E2D3525} = {02EA681E-C7D8-13C7-8484-4AC65E1B71E8}
	EndGlobalSection
	GlobalSection(ExtensibilityGlobals) = postSolution
		SolutionGuid = {E8634C64-B9B8-4940-B903-0EF3CA0431C1}
	EndGlobalSection
EndGlobal
